
Microsoft Visual Studio Solution File, Format Version 11.00
# Visual Studio 2010
Project("{FAE04EC0-301F-11D3-BF4B-00C04F79EFBC}") = "RabbitMQHare", "RabbitMQHare\RabbitMQHare.csproj", "{19623044-07FE-4777-B8A4-5DF543110729}"
EndProject
Project("{2150E333-8FDC-42A3-9474-1A3956D46DE8}") = ".nuget", ".nuget", "{D19F51D2-A20C-44D7-860D-FFB1CC621010}"
EndProject
Global
	GlobalSection(SolutionConfigurationPlatforms) = preSolution
		Debug|Any CPU = Debug|Any CPU
		Release|Any CPU = Release|Any CPU
	EndGlobalSection
	GlobalSection(ProjectConfigurationPlatforms) = postSolution
		{19623044-07FE-4777-B8A4-5DF543110729}.Debug|Any CPU.ActiveCfg = Debug|Any CPU
		{19623044-07FE-4777-B8A4-5DF543110729}.Debug|Any CPU.Build.0 = Debug|Any CPU
		{19623044-07FE-4777-B8A4-5DF543110729}.Release|Any CPU.ActiveCfg = Release|Any CPU
		{19623044-07FE-4777-B8A4-5DF543110729}.Release|Any CPU.Build.0 = Release|Any CPU
	EndGlobalSection
	GlobalSection(SolutionProperties) = preSolution
		HideSolutionNode = FALSE
	EndGlobalSection
EndGlobal
